
Microsoft Visual Studio Solution File, Format Version 12.00
# Visual Studio Version 17
VisualStudioVersion = 17.0.31903.59
MinimumVisualStudioVersion = 10.0.40219.1
Project("{9A19103F-16F7-4668-BE54-9A1E7A4F7556}") = "Lucene.Net", "src\Lucene.Net\Lucene.Net.csproj", "{3A0AA37E-2B7B-4416-B528-DA4E0E6A6706}"
EndProject
Project("{9A19103F-16F7-4668-BE54-9A1E7A4F7556}") = "Lucene.Net.Analysis.Common", "src\Lucene.Net.Analysis.Common\Lucene.Net.Analysis.Common.csproj", "{5AC11ED4-29C9-4EB2-9014-CF3F869D8AE6}"
EndProject
Global
	GlobalSection(SolutionConfigurationPlatforms) = preSolution
		Debug|Any CPU = Debug|Any CPU
		Release|Any CPU = Release|Any CPU
	EndGlobalSection
	GlobalSection(ProjectConfigurationPlatforms) = postSolution
		{3A0AA37E-2B7B-4416-B528-DA4E0E6A6706}.Debug|Any CPU.ActiveCfg = Debug|Any CPU
		{3A0AA37E-2B7B-4416-B528-DA4E0E6A6706}.Debug|Any CPU.Build.0 = Debug|Any CPU
		{3A0AA37E-2B7B-4416-B528-DA4E0E6A6706}.Release|Any CPU.ActiveCfg = Release|Any CPU
		{3A0AA37E-2B7B-4416-B528-DA4E0E6A6706}.Release|Any CPU.Build.0 = Release|Any CPU
		{63EC0EDA-81E9-4AEB-A09A-F956A9001743}.Debug|Any CPU.ActiveCfg = Debug|Any CPU
		{63EC0EDA-81E9-4AEB-A09A-F956A9001743}.Debug|Any CPU.Build.0 = Debug|Any CPU
		{63EC0EDA-81E9-4AEB-A09A-F956A9001743}.Release|Any CPU.ActiveCfg = Release|Any CPU
		{63EC0EDA-81E9-4AEB-A09A-F956A9001743}.Release|Any CPU.Build.0 = Release|Any CPU
		{8D6952F1-5BC9-4389-A20A-E7BAE40D5597}.Debug|Any CPU.ActiveCfg = Debug|Any CPU
		{8D6952F1-5BC9-4389-A20A-E7BAE40D5597}.Debug|Any CPU.Build.0 = Debug|Any CPU
		{8D6952F1-5BC9-4389-A20A-E7BAE40D5597}.Release|Any CPU.ActiveCfg = Release|Any CPU
		{8D6952F1-5BC9-4389-A20A-E7BAE40D5597}.Release|Any CPU.Build.0 = Release|Any CPU
		{EA889582-4ABA-4AFA-A125-D7A37B353B10}.Debug|Any CPU.ActiveCfg = Debug|Any CPU
		{EA889582-4ABA-4AFA-A125-D7A37B353B10}.Debug|Any CPU.Build.0 = Debug|Any CPU
		{EA889582-4ABA-4AFA-A125-D7A37B353B10}.Release|Any CPU.ActiveCfg = Release|Any CPU
		{EA889582-4ABA-4AFA-A125-D7A37B353B10}.Release|Any CPU.Build.0 = Release|Any CPU
		{BFBAB6D5-AE96-4364-A996-D31B0C55D4A6}.Debug|Any CPU.ActiveCfg = Debug|Any CPU
		{BFBAB6D5-AE96-4364-A996-D31B0C55D4A6}.Debug|Any CPU.Build.0 = Debug|Any CPU
		{BFBAB6D5-AE96-4364-A996-D31B0C55D4A6}.Release|Any CPU.ActiveCfg = Release|Any CPU
		{BFBAB6D5-AE96-4364-A996-D31B0C55D4A6}.Release|Any CPU.Build.0 = Release|Any CPU
		{FF862392-B2AF-422D-865E-768E969A9412}.Debug|Any CPU.ActiveCfg = Debug|Any CPU
		{FF862392-B2AF-422D-865E-768E969A9412}.Debug|Any CPU.Build.0 = Debug|Any CPU
		{FF862392-B2AF-422D-865E-768E969A9412}.Release|Any CPU.ActiveCfg = Release|Any CPU
		{FF862392-B2AF-422D-865E-768E969A9412}.Release|Any CPU.Build.0 = Release|Any CPU
		{AAE8E7DE-F98E-40FE-87F0-F1A97FB72E71}.Debug|Any CPU.ActiveCfg = Debug|Any CPU
		{AAE8E7DE-F98E-40FE-87F0-F1A97FB72E71}.Debug|Any CPU.Build.0 = Debug|Any CPU
		{AAE8E7DE-F98E-40FE-87F0-F1A97FB72E71}.Release|Any CPU.ActiveCfg = Release|Any CPU
		{AAE8E7DE-F98E-40FE-87F0-F1A97FB72E71}.Release|Any CPU.Build.0 = Release|Any CPU
		{31562276-B6A8-4A9E-8324-31A2D1CB04AD}.Debug|Any CPU.ActiveCfg = Debug|Any CPU
		{31562276-B6A8-4A9E-8324-31A2D1CB04AD}.Debug|Any CPU.Build.0 = Debug|Any CPU
		{31562276-B6A8-4A9E-8324-31A2D1CB04AD}.Release|Any CPU.ActiveCfg = Release|Any CPU
		{31562276-B6A8-4A9E-8324-31A2D1CB04AD}.Release|Any CPU.Build.0 = Release|Any CPU
		{0E948685-B4BD-4143-B70D-85FE11E6E406}.Debug|Any CPU.ActiveCfg = Debug|Any CPU
		{0E948685-B4BD-4143-B70D-85FE11E6E406}.Debug|Any CPU.Build.0 = Debug|Any CPU
		{0E948685-B4BD-4143-B70D-85FE11E6E406}.Release|Any CPU.ActiveCfg = Release|Any CPU
		{0E948685-B4BD-4143-B70D-85FE11E6E406}.Release|Any CPU.Build.0 = Release|Any CPU
		{56B95CA9-CD38-433E-B0AC-0504EC61A479}.Debug|Any CPU.ActiveCfg = Debug|Any CPU
		{56B95CA9-CD38-433E-B0AC-0504EC61A479}.Debug|Any CPU.Build.0 = Debug|Any CPU
		{56B95CA9-CD38-433E-B0AC-0504EC61A479}.Release|Any CPU.ActiveCfg = Release|Any CPU
		{56B95CA9-CD38-433E-B0AC-0504EC61A479}.Release|Any CPU.Build.0 = Release|Any CPU
		{B91B0E5E-AF3A-4373-934E-91AEE02C5FA1}.Debug|Any CPU.ActiveCfg = Debug|Any CPU
		{B91B0E5E-AF3A-4373-934E-91AEE02C5FA1}.Debug|Any CPU.Build.0 = Debug|Any CPU
		{B91B0E5E-AF3A-4373-934E-91AEE02C5FA1}.Release|Any CPU.ActiveCfg = Release|Any CPU
		{B91B0E5E-AF3A-4373-934E-91AEE02C5FA1}.Release|Any CPU.Build.0 = Release|Any CPU
		{46D088A4-5F56-4462-9E84-B482E2E1516F}.Debug|Any CPU.ActiveCfg = Debug|Any CPU
		{46D088A4-5F56-4462-9E84-B482E2E1516F}.Debug|Any CPU.Build.0 = Debug|Any CPU
		{46D088A4-5F56-4462-9E84-B482E2E1516F}.Release|Any CPU.ActiveCfg = Release|Any CPU
		{46D088A4-5F56-4462-9E84-B482E2E1516F}.Release|Any CPU.Build.0 = Release|Any CPU
		{62FFF347-AE79-447A-B77F-F3C33F957342}.Debug|Any CPU.ActiveCfg = Debug|Any CPU
		{62FFF347-AE79-447A-B77F-F3C33F957342}.Debug|Any CPU.Build.0 = Debug|Any CPU
		{62FFF347-AE79-447A-B77F-F3C33F957342}.Release|Any CPU.ActiveCfg = Release|Any CPU
		{62FFF347-AE79-447A-B77F-F3C33F957342}.Release|Any CPU.Build.0 = Release|Any CPU
		{41C809F8-85B0-47A1-B3B6-9735DD518846}.Debug|Any CPU.ActiveCfg = Debug|Any CPU
		{41C809F8-85B0-47A1-B3B6-9735DD518846}.Debug|Any CPU.Build.0 = Debug|Any CPU
		{41C809F8-85B0-47A1-B3B6-9735DD518846}.Release|Any CPU.ActiveCfg = Release|Any CPU
		{41C809F8-85B0-47A1-B3B6-9735DD518846}.Release|Any CPU.Build.0 = Release|Any CPU
		{EFB2E31A-5917-49D5-A808-FE5061A550B4}.Debug|Any CPU.ActiveCfg = Debug|Any CPU
		{EFB2E31A-5917-49D5-A808-FE5061A550B4}.Debug|Any CPU.Build.0 = Debug|Any CPU
		{EFB2E31A-5917-49D5-A808-FE5061A550B4}.Release|Any CPU.ActiveCfg = Release|Any CPU
		{EFB2E31A-5917-49D5-A808-FE5061A550B4}.Release|Any CPU.Build.0 = Release|Any CPU
		{441876AF-F691-408C-85EC-6A934E60F627}.Debug|Any CPU.ActiveCfg = Debug|Any CPU
		{441876AF-F691-408C-85EC-6A934E60F627}.Debug|Any CPU.Build.0 = Debug|Any CPU
		{441876AF-F691-408C-85EC-6A934E60F627}.Release|Any CPU.ActiveCfg = Release|Any CPU
		{441876AF-F691-408C-85EC-6A934E60F627}.Release|Any CPU.Build.0 = Release|Any CPU
		{5CD4D4E8-6132-4384-98FC-6AB1C97E0B80}.Debug|Any CPU.ActiveCfg = Debug|Any CPU
		{5CD4D4E8-6132-4384-98FC-6AB1C97E0B80}.Debug|Any CPU.Build.0 = Debug|Any CPU
		{5CD4D4E8-6132-4384-98FC-6AB1C97E0B80}.Release|Any CPU.ActiveCfg = Release|Any CPU
		{5CD4D4E8-6132-4384-98FC-6AB1C97E0B80}.Release|Any CPU.Build.0 = Release|Any CPU
		{8988CDA4-8420-4BEE-869A-66825055EED2}.Debug|Any CPU.ActiveCfg = Debug|Any CPU
		{8988CDA4-8420-4BEE-869A-66825055EED2}.Release|Any CPU.ActiveCfg = Debug|Any CPU
		{5AC11ED4-29C9-4EB2-9014-CF3F869D8AE6}.Debug|Any CPU.ActiveCfg = Debug|Any CPU
		{5AC11ED4-29C9-4EB2-9014-CF3F869D8AE6}.Debug|Any CPU.Build.0 = Debug|Any CPU
		{5AC11ED4-29C9-4EB2-9014-CF3F869D8AE6}.Release|Any CPU.ActiveCfg = Release|Any CPU
		{5AC11ED4-29C9-4EB2-9014-CF3F869D8AE6}.Release|Any CPU.Build.0 = Release|Any CPU
	EndGlobalSection
	GlobalSection(SolutionProperties) = preSolution
		HideSolutionNode = FALSE
	EndGlobalSection
	GlobalSection(NestedProjects) = preSolution
		{05CE3A39-40D4-452D-AFE0-E57E536A08C6} = {4016BDAB-6C33-4D1E-9439-57B416EA45D5}
		{4BFE738F-3D99-4408-85D4-E882737F9CEC} = {4016BDAB-6C33-4D1E-9439-57B416EA45D5}
		{DB6B3C48-B1B1-4977-9FB0-333ED71E84E1} = {4BFE738F-3D99-4408-85D4-E882737F9CEC}
		{BC910C84-EF7C-4F69-AA76-47C0EC06D809} = {4BFE738F-3D99-4408-85D4-E882737F9CEC}
		{4DF7EACE-2B25-43F6-B558-8520BF20BD76} = {8CA61D33-3590-4024-A304-7B1F75B50653}
		{EFB2E31A-5917-49D5-A808-FE5061A550B4} = {8CA61D33-3590-4024-A304-7B1F75B50653}
		{441876AF-F691-408C-85EC-6A934E60F627} = {8CA61D33-3590-4024-A304-7B1F75B50653}
		{5CD4D4E8-6132-4384-98FC-6AB1C97E0B80} = {8CA61D33-3590-4024-A304-7B1F75B50653}
		{E5E8C5DC-7048-4818-B884-FB2D037D2EF2} = {8CA61D33-3590-4024-A304-7B1F75B50653}
		{4D0ED7D9-ABEE-4890-B06C-477E3A32B9A0} = {E5E8C5DC-7048-4818-B884-FB2D037D2EF2}
	EndGlobalSection
	GlobalSection(ExtensibilityGlobals) = postSolution
		SolutionGuid = {9F2179CC-CFD2-4419-AB74-D72856931F36}
	EndGlobalSection
EndGlobal
